# This file is autogenerated, do not edit; changes may be undone by the next 'dep ensure'.


[[projects]]
  branch = "master"
  name = "github.com/Sirupsen/logrus"
  packages = ["."]
  revision = "85b1699d505667d13f8ac4478c1debbf85d6c5de"

[[projects]]
  branch = "master"
  name = "github.com/garyburd/redigo"
  packages = ["internal","redis"]
  revision = "95d11dba2d44531bdb8022752b98912baafae03a"

[[projects]]
  branch = "master"
  name = "github.com/gopherjs/gopherjs"
  packages = ["js"]
  revision = "dc374d32704510cb387457180ca9d5193978b555"

[[projects]]
  branch = "master"
  name = "github.com/gopherjs/websocket"
  packages = [".","websocketjs"]
  revision = "87ee47603f137e7f8419765b3621b3c36e715a08"

[[projects]]
  branch = "master"
  name = "github.com/hashicorp/golang-lru"
  packages = [".","simplelru"]
  revision = "0a025b7e63adc15a622f29b0b2c4c3848243bbf6"

[[projects]]
  branch = "master"
  name = "github.com/huin/goupnp"
  packages = [".","dcps/internetgateway1","dcps/internetgateway2","httpu","scpd","soap","ssdp"]
  revision = "73053506a919bb1af6beb97feb0d53a1eb814eb1"

[[projects]]
  branch = "master"
  name = "github.com/jackpal/gateway"
  packages = ["."]
  revision = "5795ac81146e01d3fab7bcf21c043c3d6a32b006"

[[projects]]
  branch = "master"
  name = "github.com/jackpal/go-nat-pmp"
  packages = ["."]
  revision = "28a68d0c24adce1da43f8df6a57340909ecd7fdd"

[[projects]]
  branch = "master"
  name = "github.com/julienschmidt/httprouter"
  packages = ["."]
  revision = "975b5c4c7c21c0e3d2764200bf2aa8e34657ae6e"

[[projects]]
  branch = "master"
  name = "github.com/mattn/go-gtk"
  packages = ["gdk","gdkpixbuf","glib","gtk","pango"]
  revision = "4d185b2c694f34edad33988eddaf1314bfd9f132"

[[projects]]
  branch = "master"
  name = "github.com/mattn/go-pointer"
  packages = ["."]
  revision = "46aacf851f34ad5bb503ee6d162915f3a5a5962c"

[[projects]]
  branch = "master"
  name = "github.com/pierrec/lz4"
  packages = ["."]
  revision = "5a3d2245f97fc249850e7802e3c01fad02a1c316"

[[projects]]
  branch = "master"
  name = "github.com/pierrec/xxHash"
  packages = ["xxHash32"]
  revision = "5a004441f897722c627870a981d02b29924215fa"

[[projects]]
  branch = "master"
  name = "github.com/rusco/qunit"
  packages = ["."]
  revision = "62ce4e4e74725503434407728bfb75269659a603"

[[projects]]
  branch = "master"
  name = "golang.org/x/net"
  packages = ["html","html/atom","html/charset","websocket"]
  revision = "1a68b1313cf4ad7778376e82641197b60c02f65c"

[[projects]]
  branch = "master"
  name = "golang.org/x/sys"
  packages = ["unix"]
  revision = "0b25a408a50076fbbcae6b7ac0ea5fbb0b085e79"

[[projects]]
  branch = "master"
  name = "golang.org/x/text"
  packages = ["encoding","encoding/charmap","encoding/htmlindex","encoding/internal","encoding/internal/identifier","encoding/japanese","encoding/korean","encoding/simplifiedchinese","encoding/traditionalchinese","encoding/unicode","internal/gen","internal/tag","internal/utf8internal","language","runes","transform","unicode/cldr"]
  revision = "210eee5cf7323015d097341bcf7166130d001cd8"

[[projects]]
  branch = "master"
  name = "gopkg.in/throttled/throttled.v2"
  packages = [".","store","store/memstore","store/redigostore"]
  revision = "b5675e93f9d999b22f92d859a5bf2138d3641af4"

[solve-meta]
  analyzer-name = "dep"
  analyzer-version = 1
  inputs-digest = "0e0990786d65ee6b48db2a262527ae71f666ee3a2b56aeecc83b61ad02f3ae6e"
  solver-name = "gps-cdcl"
  solver-version = 1
